github.com/reusee/dscope v0.0.0-20250424063202-aac1644688bb h1:FzQ0NMGLO36LHVmxWwzu1sstGmfnmAGiKMpBfYCJvmE=
github.com/reusee/dscope v0.0.0-20250424063202-aac1644688bb/go.mod h1:wkQX/r1VuDrmrb/3R1Oi3nIJ/zWLHLXIYFrkIPDL/N0=
github.com/reusee/e5 v0.0.0-20230610121337-9deb1a7b70ae h1:Dg66pJE6N8B9UMIupCvx6/6z5hTXVPBLyhu9zZPJY8M=
github.com/reusee/e5 v0.0.0-20230610121337-9deb1a7b70ae/go.mod h1:kfVSDXYZocDqR1uRQfewKHmcLa/QtjGl/Ik0/vqhZ4s=
github.com/reusee/pr3 v0.0.0-20231127041243-c2b238a94b9a h1:QA5aCUP38APu+tC5bT4+W/vh2HZjFVtblBbzHyj1EmA=
github.com/reusee/pr3 v0.0.0-20231127041243-c2b238a94b9a/go.mod h1:FzIWTRz/wuKHZq2EpNpmlZdFGLUa1e3w7uJ05m7sh+w=
