github.com/reusee/dscope v0.0.0-20231130051805-ddbaafbc4b77 h1:J+YwyRKh0vT1jGVWGoAkjDpm3wdK54W9GJlZ0oGKVjc=
github.com/reusee/dscope v0.0.0-20231130051805-ddbaafbc4b77/go.mod h1:MdVoB7WnayGaFP4eyfrp8Thj4Kgz0oQW2L6jNmFsU8I=
github.com/reusee/e4 v0.0.0-20220624024633-9eab321f05d6 h1:HG863jGFtcMuLte70apB3jC7lvgiTSWUnoHuDa9S0+A=
github.com/reusee/e4 v0.0.0-20220624024633-9eab321f05d6/go.mod h1:kZmlM15C4htN/zwSQz5HJPQo8BCZY5NnmkyZBDqjwc4=
github.com/reusee/e5 v0.0.0-20240926110821-c066ba825104 h1:GfPb/TN1XHHuPsaCwTt2rxXlbekrbeBzjlF0jLOuHeY=
github.com/reusee/e5 v0.0.0-20240926110821-c066ba825104/go.mod h1:L24cJjkVA/jMvaVhLLb1dY+S/BR48tEL2a4qFqXHXso=
github.com/reusee/pr3 v0.0.0-20231127041243-c2b238a94b9a h1:QA5aCUP38APu+tC5bT4+W/vh2HZjFVtblBbzHyj1EmA=
github.com/reusee/pr3 v0.0.0-20231127041243-c2b238a94b9a/go.mod h1:FzIWTRz/wuKHZq2EpNpmlZdFGLUa1e3w7uJ05m7sh+w=
